
Microsoft Visual Studio Solution File, Format Version 12.00
# Visual Studio Version 16
VisualStudioVersion = 16.0.32802.440
MinimumVisualStudioVersion = 10.0.40219.1
Project("{FAE04EC0-301F-11D3-BF4B-00C04F79EFBC}") = "0215hw", "0215hw\0215hw.csproj", "{2FEFE34B-5342-4AF0-872B-2205DBCB8F0B}"
EndProject
Global
	GlobalSection(SolutionConfigurationPlatforms) = preSolution
		Debug|Any CPU = Debug|Any CPU
		Release|Any CPU = Release|Any CPU
	EndGlobalSection
	GlobalSection(ProjectConfigurationPlatforms) = postSolution
		{2FEFE34B-5342-4AF0-872B-2205DBCB8F0B}.Debug|Any CPU.ActiveCfg = Debug|Any CPU
		{2FEFE34B-5342-4AF0-872B-2205DBCB8F0B}.Debug|Any CPU.Build.0 = Debug|Any CPU
		{2FEFE34B-5342-4AF0-872B-2205DBCB8F0B}.Release|Any CPU.ActiveCfg = Release|Any CPU
		{2FEFE34B-5342-4AF0-872B-2205DBCB8F0B}.Release|Any CPU.Build.0 = Release|Any CPU
	EndGlobalSection
	GlobalSection(SolutionProperties) = preSolution
		HideSolutionNode = FALSE
	EndGlobalSection
	GlobalSection(ExtensibilityGlobals) = postSolution
		SolutionGuid = {8E1F4DCE-06FB-4631-A2CE-4CF47608381D}
	EndGlobalSection
EndGlobal
